# This file is autogenerated, do not edit; changes may be undone by the next 'dep ensure'.


[[projects]]
  name = "github.com/cpuguy83/go-md2man"
  packages = ["md2man"]
  revision = "71acacd42f85e5e82f70a55327789582a5200a90"
  version = "v1.0.4"

[[projects]]
  name = "github.com/fsnotify/fsnotify"
  packages = ["."]
  revision = "f12c6236fe7b5cf6bcf30e5935d08cb079d78334"

[[projects]]
  branch = "master"
  name = "github.com/golang/protobuf"
  packages = ["proto"]
  revision = "1e59b77b52bf8e4b449a57e6f79f21226d571845"

[[projects]]
  name = "github.com/google/go-github"
  packages = ["github"]
  revision = "94a3cd9f531888fe4a03487276c0adb887428e77"

[[projects]]
  name = "github.com/google/go-querystring"
  packages = ["query"]
  revision = "2a60fc2ba6c19de80291203597d752e9ba58e4c0"

[[projects]]
  name = "github.com/hashicorp/hcl"
  packages = [".","hcl/ast","hcl/parser","hcl/scanner","hcl/strconv","hcl/token","json/parser","json/scanner","json/token"]
  revision = "d8c773c4cba11b11539e3d45f93daeaa5dcf1fa1"

[[projects]]
  name = "github.com/inconshreveable/mousetrap"
  packages = ["."]
  revision = "76626ae9c91c4f2a10f34cad8ce83ea42c93bb75"
  version = "v1.0"

[[projects]]
  branch = "master"
  name = "github.com/kr/fs"
  packages = ["."]
  revision = "2788f0dbd16903de03cb8186e5c7d97b69ad387b"

[[projects]]
  name = "github.com/magiconair/properties"
  packages = ["."]
  revision = "61b492c03cf472e0c6419be5899b8e0dc28b1b88"

[[projects]]
  name = "github.com/mitchellh/mapstructure"
  packages = ["."]
  revision = "740c764bc6149d3f1806231418adb9f52c11bcbf"

[[projects]]
  name = "github.com/pelletier/go-buffruneio"
  packages = ["."]
  revision = "df1e16fde7fc330a0ca68167c23bf7ed6ac31d6d"
  version = "v0.1.0"

[[projects]]
  name = "github.com/pelletier/go-toml"
  packages = ["."]
  revision = "0049ab3dc4c4c70a9eee23087437b69c0dde2130"

[[projects]]
  name = "github.com/pkg/errors"
  packages = ["."]
  revision = "a22138067af1c4942683050411a841ade67fe1eb"

[[projects]]
  name = "github.com/pkg/sftp"
  packages = ["."]
  revision = "4d0e916071f68db74f8a73926335f809396d6b42"

[[projects]]
  name = "github.com/russross/blackfriday"
  packages = ["."]
  revision = "300106c228d52c8941d4b3de6054a6062a86dda3"

[[projects]]
  name = "github.com/shurcooL/sanitized_anchor_name"
  packages = ["."]
  revision = "10ef21a441db47d8b13ebcc5fd2310f636973c77"

[[projects]]
  name = "github.com/spf13/afero"
  packages = [".","mem","sftp"]
  revision = "b28a7effac979219c2a2ed6205a4d70e4b1bcd02"

[[projects]]
  name = "github.com/spf13/cast"
  packages = ["."]
  revision = "e31f36ffc91a2ba9ddb72a4b6a607ff9b3d3cb63"

[[projects]]
  name = "github.com/spf13/cobra"
  packages = [".","doc"]
  revision = "f62e98d28ab7ad31d707ba837a966378465c7b57"

[[projects]]
  name = "github.com/spf13/jwalterweatherman"
  packages = ["."]
  revision = "33c24e77fb80341fe7130ee7c594256ff08ccc46"

[[projects]]
  name = "github.com/spf13/pflag"
  packages = ["."]
  revision = "9ff6c6923cfffbcd502984b8e0c80539a94968b7"

[[projects]]
  name = "github.com/spf13/viper"
  packages = ["."]
  revision = "7fb2782df3d83e0036cc89f461ed0422628776f4"

[[projects]]
  name = "golang.org/x/crypto"
  packages = ["curve25519","ed25519","ed25519/internal/edwards25519","ssh"]
  revision = "d172538b2cfce0c13cee31e647d0367aa8cd2486"

[[projects]]
  branch = "master"
  name = "golang.org/x/net"
  packages = ["context","context/ctxhttp"]
  revision = "42fe2e1c20de1054d3d30f82cc9fb5b41e2e3767"

[[projects]]
  branch = "master"
  name = "golang.org/x/oauth2"
  packages = [".","internal"]
  revision = "30785a2c434e431ef7c507b54617d6a951d5f2b4"

[[projects]]
  name = "golang.org/x/sys"
  packages = ["unix"]
  revision = "8f0908ab3b2457e2e15403d3697c9ef5cb4b57a9"

[[projects]]
  name = "golang.org/x/text"
  packages = ["internal/gen","internal/triegen","internal/ucd","transform","unicode/cldr","unicode/norm"]
  revision = "2910a502d2bf9e43193af9d68ca516529614eed3"

[[projects]]
  name = "google.golang.org/appengine"
  packages = ["internal","internal/base","internal/datastore","internal/log","internal/remote_api","internal/urlfetch","urlfetch"]
  revision = "150dc57a1b433e64154302bdc40b6bb8aefa313a"
  version = "v1.0.0"

[[projects]]
  name = "gopkg.in/yaml.v2"
  packages = ["."]
  revision = "53feefa2559fb8dfa8d81baad31be332c97d6c77"

[solve-meta]
  analyzer-name = "dep"
  analyzer-version = 1
  inputs-digest = "87444ce4a5958e0852995a94a86d232050cde4a1972793c59904bce9f8e32253"
  solver-name = "gps-cdcl"
  solver-version = 1
